
Microsoft Visual Studio Solution File, Format Version 12.00
# Visual Studio Version 17
VisualStudioVersion = 17.9.34728.123
MinimumVisualStudioVersion = 10.0.40219.1
Project("{FAE04EC0-301F-11D3-BF4B-00C04F79EFBC}") = "ClassLibrary2", "ClassLibrary2\ClassLibrary2.csproj", "{A6F020B7-17D1-4811-8D46-E1D223046935}"
EndProject
Global
	GlobalSection(SolutionConfigurationPlatforms) = preSolution
		Debug|Any CPU = Debug|Any CPU
		Release|Any CPU = Release|Any CPU
	EndGlobalSection
	GlobalSection(ProjectConfigurationPlatforms) = postSolution
		{A6F020B7-17D1-4811-8D46-E1D223046935}.Debug|Any CPU.ActiveCfg = Debug|Any CPU
		{A6F020B7-17D1-4811-8D46-E1D223046935}.Debug|Any CPU.Build.0 = Debug|Any CPU
		{A6F020B7-17D1-4811-8D46-E1D223046935}.Release|Any CPU.ActiveCfg = Release|Any CPU
		{A6F020B7-17D1-4811-8D46-E1D223046935}.Release|Any CPU.Build.0 = Release|Any CPU
	EndGlobalSection
	GlobalSection(SolutionProperties) = preSolution
		HideSolutionNode = FALSE
	EndGlobalSection
	GlobalSection(ExtensibilityGlobals) = postSolution
		SolutionGuid = {96205C29-87D4-44FE-8C20-A34446195E96}
	EndGlobalSection
EndGlobal
